
Microsoft Visual Studio Solution File, Format Version 12.00
# Visual Studio 15
VisualStudioVersion = 15.0.28307.168
MinimumVisualStudioVersion = 10.0.40219.1
Project("{9A19103F-16F7-4668-BE54-9A1E7A4F7556}") = "Servers.Web", "Servers.Web\Servers.Web.csproj", "{52AD1C2E-CAAB-46A5-8810-ACA27E743E3C}"
EndProject
Global
	GlobalSection(SolutionConfigurationPlatforms) = preSolution
		Debug|Any CPU = Debug|Any CPU
		Release|Any CPU = Release|Any CPU
	EndGlobalSection
	GlobalSection(ProjectConfigurationPlatforms) = postSolution
		{52AD1C2E-CAAB-46A5-8810-ACA27E743E3C}.Debug|Any CPU.ActiveCfg = Debug|Any CPU
		{52AD1C2E-CAAB-46A5-8810-ACA27E743E3C}.Debug|Any CPU.Build.0 = Debug|Any CPU
		{52AD1C2E-CAAB-46A5-8810-ACA27E743E3C}.Release|Any CPU.ActiveCfg = Release|Any CPU
		{52AD1C2E-CAAB-46A5-8810-ACA27E743E3C}.Release|Any CPU.Build.0 = Release|Any CPU
	EndGlobalSection
	GlobalSection(SolutionProperties) = preSolution
		HideSolutionNode = FALSE
	EndGlobalSection
	GlobalSection(ExtensibilityGlobals) = postSolution
		SolutionGuid = {85E0B8C0-F574-45F6-AE11-78B29E0E9FB0}
	EndGlobalSection
EndGlobal
